
Microsoft Visual Studio Solution File, Format Version 12.00
# Visual Studio Version 18
VisualStudioVersion = 18.3.11505.172 d18.3
MinimumVisualStudioVersion = 10.0.40219.1
Project("{FAE04EC0-301F-11D3-BF4B-00C04F79EFBC}") = "Momentum.Services", "Momentum.Services\Momentum.Services.csproj", "{9E4B8C37-7DEA-48C8-B74C-6968702C2C58}"
EndProject
Project("{FAE04EC0-301F-11D3-BF4B-00C04F79EFBC}") = "Momentum.Persistance", "Momentum.Persistance\Momentum.Persistance.csproj", "{282216C7-B0A7-485E-A0E2-A4C14BABF646}"
EndProject
Project("{FAE04EC0-301F-11D3-BF4B-00C04F79EFBC}") = "Momentum.Domain", "Momentum.Domain\Momentum.Domain.csproj", "{FD68BD2B-1C85-4B97-9DE8-CD80B766B8D4}"
EndProject
Project("{FAE04EC0-301F-11D3-BF4B-00C04F79EFBC}") = "Momentum.API", "Momentum.API\Momentum.API.csproj", "{1DA2130B-CF24-4968-AE71-1F1D03156DAE}"
EndProject
Project("{FAE04EC0-301F-11D3-BF4B-00C04F79EFBC}") = "Momentum.BackOffice", "Momentum.BackOffice\Momentum.BackOffice.csproj", "{C773E0F1-54D0-0FD0-F3D0-D0714C858C8C}"
EndProject
Project("{FAE04EC0-301F-11D3-BF4B-00C04F79EFBC}") = "Momentum.Shared", "Momentum.Shared\Momentum.Shared.csproj", "{B5558848-2950-4D40-0F0C-6C613643AA80}"
EndProject
Global
	GlobalSection(SolutionConfigurationPlatforms) = preSolution
		Debug|Any CPU = Debug|Any CPU
		Release|Any CPU = Release|Any CPU
	EndGlobalSection
	GlobalSection(ProjectConfigurationPlatforms) = postSolution
		{9E4B8C37-7DEA-48C8-B74C-6968702C2C58}.Debug|Any CPU.ActiveCfg = Debug|Any CPU
		{9E4B8C37-7DEA-48C8-B74C-6968702C2C58}.Debug|Any CPU.Build.0 = Debug|Any CPU
		{9E4B8C37-7DEA-48C8-B74C-6968702C2C58}.Release|Any CPU.ActiveCfg = Release|Any CPU
		{9E4B8C37-7DEA-48C8-B74C-6968702C2C58}.Release|Any CPU.Build.0 = Release|Any CPU
		{282216C7-B0A7-485E-A0E2-A4C14BABF646}.Debug|Any CPU.ActiveCfg = Debug|Any CPU
		{282216C7-B0A7-485E-A0E2-A4C14BABF646}.Debug|Any CPU.Build.0 = Debug|Any CPU
		{282216C7-B0A7-485E-A0E2-A4C14BABF646}.Release|Any CPU.ActiveCfg = Release|Any CPU
		{282216C7-B0A7-485E-A0E2-A4C14BABF646}.Release|Any CPU.Build.0 = Release|Any CPU
		{FD68BD2B-1C85-4B97-9DE8-CD80B766B8D4}.Debug|Any CPU.ActiveCfg = Debug|Any CPU
		{FD68BD2B-1C85-4B97-9DE8-CD80B766B8D4}.Debug|Any CPU.Build.0 = Debug|Any CPU
		{FD68BD2B-1C85-4B97-9DE8-CD80B766B8D4}.Release|Any CPU.ActiveCfg = Release|Any CPU
		{FD68BD2B-1C85-4B97-9DE8-CD80B766B8D4}.Release|Any CPU.Build.0 = Release|Any CPU
		{1DA2130B-CF24-4968-AE71-1F1D03156DAE}.Debug|Any CPU.ActiveCfg = Debug|Any CPU
		{1DA2130B-CF24-4968-AE71-1F1D03156DAE}.Debug|Any CPU.Build.0 = Debug|Any CPU
		{1DA2130B-CF24-4968-AE71-1F1D03156DAE}.Release|Any CPU.ActiveCfg = Release|Any CPU
		{1DA2130B-CF24-4968-AE71-1F1D03156DAE}.Release|Any CPU.Build.0 = Release|Any CPU
		{C773E0F1-54D0-0FD0-F3D0-D0714C858C8C}.Debug|Any CPU.ActiveCfg = Debug|Any CPU
		{C773E0F1-54D0-0FD0-F3D0-D0714C858C8C}.Debug|Any CPU.Build.0 = Debug|Any CPU
		{C773E0F1-54D0-0FD0-F3D0-D0714C858C8C}.Release|Any CPU.ActiveCfg = Release|Any CPU
		{C773E0F1-54D0-0FD0-F3D0-D0714C858C8C}.Release|Any CPU.Build.0 = Release|Any CPU
		{B5558848-2950-4D40-0F0C-6C613643AA80}.Debug|Any CPU.ActiveCfg = Debug|Any CPU
		{B5558848-2950-4D40-0F0C-6C613643AA80}.Debug|Any CPU.Build.0 = Debug|Any CPU
		{B5558848-2950-4D40-0F0C-6C613643AA80}.Release|Any CPU.ActiveCfg = Release|Any CPU
		{B5558848-2950-4D40-0F0C-6C613643AA80}.Release|Any CPU.Build.0 = Release|Any CPU
	EndGlobalSection
	GlobalSection(SolutionProperties) = preSolution
		HideSolutionNode = FALSE
	EndGlobalSection
	GlobalSection(ExtensibilityGlobals) = postSolution
		SolutionGuid = {429D1B4B-061C-4AE8-A6E4-583F2F98A468}
	EndGlobalSection
EndGlobal
